
Microsoft Visual Studio Solution File, Format Version 12.00
# Visual Studio Version 17
VisualStudioVersion = 17.0.31903.59
MinimumVisualStudioVersion = 10.0.40219.1
Project("{FAE04EC0-301F-11D3-BF4B-00C04F79EFBC}") = "Sathus.Content.Api", "Sathus.Content.Api\Sathus.Content.Api.csproj", "{468428C9-C9E0-45F6-A64B-1CA5E17E4BA9}"
EndProject
Project("{FAE04EC0-301F-11D3-BF4B-00C04F79EFBC}") = "Sathus.Content.Application", "Sathus.Content.Application\Sathus.Content.Application.csproj", "{6C9E1706-976B-4927-A368-65698402FCA1}"
EndProject
Project("{FAE04EC0-301F-11D3-BF4B-00C04F79EFBC}") = "Sathus.Content.Domain", "Sathus.Content.Domain\Sathus.Content.Domain.csproj", "{A736A4A6-0790-4095-9336-38946B5E7FC2}"
EndProject
Project("{FAE04EC0-301F-11D3-BF4B-00C04F79EFBC}") = "Sathus.Content.Infrastructure", "Sathus.Content.Infrastructure\Sathus.Content.Infrastructure.csproj", "{513DDE58-AD17-47D0-A6CC-0F8FB904D928}"
EndProject
Project("{FAE04EC0-301F-11D3-BF4B-00C04F79EFBC}") = "Sathus.Content.Tests", "Sathus.Content.Tests\Sathus.Content.Tests.csproj", "{8D08070D-1994-4AB6-BF7E-2B42E91A0866}"
EndProject
Project("{FAE04EC0-301F-11D3-BF4B-00C04F79EFBC}") = "Sathus.Identity.Api", "Sathus.Identity.Api\Sathus.Identity.Api.csproj", "{71353BA4-6056-43AB-B450-403823623F32}"
EndProject
Project("{FAE04EC0-301F-11D3-BF4B-00C04F79EFBC}") = "Sathus.Identity.Application", "Sathus.Identity.Application\Sathus.Identity.Application.csproj", "{35066116-BF33-48D9-8D34-231731CF8035}"
EndProject
Project("{FAE04EC0-301F-11D3-BF4B-00C04F79EFBC}") = "Sathus.Identity.Domain", "Sathus.Identity.Domain\Sathus.Identity.Domain.csproj", "{1204B431-1884-40D9-AF4E-F5C8CE77EB1B}"
EndProject
Project("{FAE04EC0-301F-11D3-BF4B-00C04F79EFBC}") = "Sathus.Identity.Infrastructure", "Sathus.Identity.Infrastructure\Sathus.Identity.Infrastructure.csproj", "{F201D840-B29C-4BBC-A86F-CC41538B0F71}"
EndProject
Project("{FAE04EC0-301F-11D3-BF4B-00C04F79EFBC}") = "Sathus.Identity.Tests", "Sathus.Identity.Tests\Sathus.Identity.Tests.csproj", "{CABB2071-F623-4BFC-B193-A048A56EC9AB}"
EndProject
Project("{FAE04EC0-301F-11D3-BF4B-00C04F79EFBC}") = "Sathus.Media.Api", "Sathus.Media.Api\Sathus.Media.Api.csproj", "{67A611CC-747D-4FF1-8C07-C2B534F44DC0}"
EndProject
Project("{FAE04EC0-301F-11D3-BF4B-00C04F79EFBC}") = "Sathus.Media.Application", "Sathus.Media.Application\Sathus.Media.Application.csproj", "{EDE12247-E42A-4F89-82F3-40F72679DFC2}"
EndProject
Project("{FAE04EC0-301F-11D3-BF4B-00C04F79EFBC}") = "Sathus.Media.Domain", "Sathus.Media.Domain\Sathus.Media.Domain.csproj", "{BE135EC4-9EF7-4834-92FB-C1528F339978}"
EndProject
Project("{FAE04EC0-301F-11D3-BF4B-00C04F79EFBC}") = "Sathus.Media.Infrastructure", "Sathus.Media.Infrastructure\Sathus.Media.Infrastructure.csproj", "{D6BBBBBE-29B0-4D59-9DC2-87D2F09D4AB1}"
EndProject
Project("{FAE04EC0-301F-11D3-BF4B-00C04F79EFBC}") = "Sathus.Media.Tests", "Sathus.Media.Tests\Sathus.Media.Tests.csproj", "{26ED8DE4-4098-486D-9180-8132BF429B30}"
EndProject
Project("{FAE04EC0-301F-11D3-BF4B-00C04F79EFBC}") = "Sathus.Processing.Api", "Sathus.Processing.Api\Sathus.Processing.Api.csproj", "{D2AD8314-CD75-4EF9-9AD5-47A899DA5DD1}"
EndProject
Project("{FAE04EC0-301F-11D3-BF4B-00C04F79EFBC}") = "Sathus.Processing.Application", "Sathus.Processing.Application\Sathus.Processing.Application.csproj", "{466DDD74-0DC4-4999-9A13-CB638CAA7C30}"
EndProject
Project("{FAE04EC0-301F-11D3-BF4B-00C04F79EFBC}") = "Sathus.Processing.Domain", "Sathus.Processing.Domain\Sathus.Processing.Domain.csproj", "{87B742EB-B310-4E7C-AEB1-1C29717E0A55}"
EndProject
Project("{FAE04EC0-301F-11D3-BF4B-00C04F79EFBC}") = "Sathus.Processing.Infrastructure", "Sathus.Processing.Infrastructure\Sathus.Processing.Infrastructure.csproj", "{6D73CE06-C9BF-4DD4-82E8-21E83F3B0B6A}"
EndProject
Project("{FAE04EC0-301F-11D3-BF4B-00C04F79EFBC}") = "Sathus.Processing.Tests", "Sathus.Processing.Tests\Sathus.Processing.Tests.csproj", "{50C7244D-3FFF-432D-B090-B3BE6A8CD714}"
EndProject
Project("{FAE04EC0-301F-11D3-BF4B-00C04F79EFBC}") = "Sathus.SharedKernel", "Sathus.SharedKernel\Sathus.SharedKernel.csproj", "{810D8802-919A-4073-88A8-2CD1AF65CC7F}"
EndProject
Project("{FAE04EC0-301F-11D3-BF4B-00C04F79EFBC}") = "Sathus.Storage.Api", "Sathus.Storage.Api\Sathus.Storage.Api.csproj", "{BEF97BAE-99DB-4391-9D86-09A883C82CF0}"
EndProject
Project("{FAE04EC0-301F-11D3-BF4B-00C04F79EFBC}") = "Sathus.Storage.Application", "Sathus.Storage.Application\Sathus.Storage.Application.csproj", "{9691C53F-F6E0-451A-901C-1F039498923C}"
EndProject
Project("{FAE04EC0-301F-11D3-BF4B-00C04F79EFBC}") = "Sathus.Storage.Domain", "Sathus.Storage.Domain\Sathus.Storage.Domain.csproj", "{2F24A256-D185-452A-9A8D-5C10A1B04834}"
EndProject
Project("{FAE04EC0-301F-11D3-BF4B-00C04F79EFBC}") = "Sathus.Storage.Infrastructure", "Sathus.Storage.Infrastructure\Sathus.Storage.Infrastructure.csproj", "{79A9BBAB-E159-4DF4-9101-DD17D7B13835}"
EndProject
Project("{FAE04EC0-301F-11D3-BF4B-00C04F79EFBC}") = "Sathus.Storage.Tests", "Sathus.Storage.Tests\Sathus.Storage.Tests.csproj", "{2A0970C7-B275-4ABC-B92B-CC17325D6FF5}"
EndProject
Project("{FAE04EC0-301F-11D3-BF4B-00C04F79EFBC}") = "Sathus.Upload.Api", "Sathus.Upload.Api\Sathus.Upload.Api.csproj", "{D1B02612-091F-44CF-968F-F9B4C286061E}"
EndProject
Project("{FAE04EC0-301F-11D3-BF4B-00C04F79EFBC}") = "Sathus.Upload.Application", "Sathus.Upload.Application\Sathus.Upload.Application.csproj", "{B4103316-82EB-4452-97FD-5B7E99F4D41B}"
EndProject
Project("{FAE04EC0-301F-11D3-BF4B-00C04F79EFBC}") = "Sathus.Upload.Domain", "Sathus.Upload.Domain\Sathus.Upload.Domain.csproj", "{2D72E27E-414B-46D8-9674-A74BF58BEBA9}"
EndProject
Project("{FAE04EC0-301F-11D3-BF4B-00C04F79EFBC}") = "Sathus.Upload.Infrastructure", "Sathus.Upload.Infrastructure\Sathus.Upload.Infrastructure.csproj", "{8B346D90-E51D-47E4-B040-AAE7BFEF473C}"
EndProject
Project("{FAE04EC0-301F-11D3-BF4B-00C04F79EFBC}") = "Sathus.Upload.Tests", "Sathus.Upload.Tests\Sathus.Upload.Tests.csproj", "{933BD928-B2F9-48E0-B17F-D0528A840E94}"
EndProject
Project("{FAE04EC0-301F-11D3-BF4B-00C04F79EFBC}") = "Sathus.MediaRelations.Domain", "Sathus.MediaRelations.Domain\Sathus.MediaRelations.Domain.csproj", "{FA41E684-BFA5-4E8A-A6F8-203293AE1F4E}"
EndProject
Project("{FAE04EC0-301F-11D3-BF4B-00C04F79EFBC}") = "Sathus.MediaRelations.Application", "Sathus.MediaRelations.Application\Sathus.MediaRelations.Application.csproj", "{DFCF6619-1FD8-454E-953C-04A47A82A736}"
EndProject
Project("{FAE04EC0-301F-11D3-BF4B-00C04F79EFBC}") = "Sathus.MediaRelations.Infrastructure", "Sathus.MediaRelations.Infrastructure\Sathus.MediaRelations.Infrastructure.csproj", "{F3570E5F-276F-4CB8-9794-F7D38B81E84D}"
EndProject
Project("{FAE04EC0-301F-11D3-BF4B-00C04F79EFBC}") = "Sathus.MediaRelations.Api", "Sathus.MediaRelations.Api\Sathus.MediaRelations.Api.csproj", "{FD510A54-3959-451E-806E-E1433B0F9AAC}"
EndProject
Project("{FAE04EC0-301F-11D3-BF4B-00C04F79EFBC}") = "Sathus.MediaRelations.Tests", "Sathus.MediaRelations.Tests\Sathus.MediaRelations.Tests.csproj", "{4623BBE5-F13C-459D-A591-7D4D1D4E3C57}"
EndProject
Project("{FAE04EC0-301F-11D3-BF4B-00C04F79EFBC}") = "Sathus.Navigation.Domain", "Sathus.Navigation.Domain\Sathus.Navigation.Domain.csproj", "{530C1DD6-9A5B-4B4A-9B30-97FEB32AA2AA}"
EndProject
Project("{FAE04EC0-301F-11D3-BF4B-00C04F79EFBC}") = "Sathus.Navigation.Application", "Sathus.Navigation.Application\Sathus.Navigation.Application.csproj", "{9E740089-8A14-4FEF-AAFC-957188795D21}"
EndProject
Project("{FAE04EC0-301F-11D3-BF4B-00C04F79EFBC}") = "Sathus.Navigation.Infrastructure", "Sathus.Navigation.Infrastructure\Sathus.Navigation.Infrastructure.csproj", "{E579CD88-8D44-49C6-9902-CD075447788A}"
EndProject
Project("{FAE04EC0-301F-11D3-BF4B-00C04F79EFBC}") = "Sathus.Navigation.Api", "Sathus.Navigation.Api\Sathus.Navigation.Api.csproj", "{A8037E42-7A9A-48F0-ABA1-39898378FC78}"
EndProject
Project("{FAE04EC0-301F-11D3-BF4B-00C04F79EFBC}") = "Sathus.Navigation.Tests", "Sathus.Navigation.Tests\Sathus.Navigation.Tests.csproj", "{7392FB34-759B-45AC-B374-7DB855F77DB4}"
EndProject
Project("{FAE04EC0-301F-11D3-BF4B-00C04F79EFBC}") = "Sathus.Forms.Domain", "Sathus.Forms.Domain\Sathus.Forms.Domain.csproj", "{5F9C2D10-4E7A-4B8C-9F2A-1D3E5C7B9A01}"
EndProject
Project("{FAE04EC0-301F-11D3-BF4B-00C04F79EFBC}") = "Sathus.Forms.Application", "Sathus.Forms.Application\Sathus.Forms.Application.csproj", "{5F9C2D10-4E7A-4B8C-9F2A-1D3E5C7B9A02}"
EndProject
Project("{FAE04EC0-301F-11D3-BF4B-00C04F79EFBC}") = "Sathus.Forms.Infrastructure", "Sathus.Forms.Infrastructure\Sathus.Forms.Infrastructure.csproj", "{5F9C2D10-4E7A-4B8C-9F2A-1D3E5C7B9A03}"
EndProject
Project("{FAE04EC0-301F-11D3-BF4B-00C04F79EFBC}") = "Sathus.Forms.Api", "Sathus.Forms.Api\Sathus.Forms.Api.csproj", "{5F9C2D10-4E7A-4B8C-9F2A-1D3E5C7B9A04}"
EndProject
Project("{FAE04EC0-301F-11D3-BF4B-00C04F79EFBC}") = "Sathus.Forms.Tests", "Sathus.Forms.Tests\Sathus.Forms.Tests.csproj", "{5F9C2D10-4E7A-4B8C-9F2A-1D3E5C7B9A05}"
EndProject
Global
	GlobalSection(SolutionConfigurationPlatforms) = preSolution
		Debug|Any CPU = Debug|Any CPU
		Debug|x64 = Debug|x64
		Debug|x86 = Debug|x86
		Release|Any CPU = Release|Any CPU
		Release|x64 = Release|x64
		Release|x86 = Release|x86
	EndGlobalSection
	GlobalSection(ProjectConfigurationPlatforms) = postSolution
		{468428C9-C9E0-45F6-A64B-1CA5E17E4BA9}.Debug|Any CPU.ActiveCfg = Debug|Any CPU
		{468428C9-C9E0-45F6-A64B-1CA5E17E4BA9}.Debug|Any CPU.Build.0 = Debug|Any CPU
		{468428C9-C9E0-45F6-A64B-1CA5E17E4BA9}.Debug|x64.ActiveCfg = Debug|Any CPU
		{468428C9-C9E0-45F6-A64B-1CA5E17E4BA9}.Debug|x64.Build.0 = Debug|Any CPU
		{468428C9-C9E0-45F6-A64B-1CA5E17E4BA9}.Debug|x86.ActiveCfg = Debug|Any CPU
		{468428C9-C9E0-45F6-A64B-1CA5E17E4BA9}.Debug|x86.Build.0 = Debug|Any CPU
		{468428C9-C9E0-45F6-A64B-1CA5E17E4BA9}.Release|Any CPU.ActiveCfg = Release|Any CPU
		{468428C9-C9E0-45F6-A64B-1CA5E17E4BA9}.Release|Any CPU.Build.0 = Release|Any CPU
		{468428C9-C9E0-45F6-A64B-1CA5E17E4BA9}.Release|x64.ActiveCfg = Release|Any CPU
		{468428C9-C9E0-45F6-A64B-1CA5E17E4BA9}.Release|x64.Build.0 = Release|Any CPU
		{468428C9-C9E0-45F6-A64B-1CA5E17E4BA9}.Release|x86.ActiveCfg = Release|Any CPU
		{468428C9-C9E0-45F6-A64B-1CA5E17E4BA9}.Release|x86.Build.0 = Release|Any CPU
		{6C9E1706-976B-4927-A368-65698402FCA1}.Debug|Any CPU.ActiveCfg = Debug|Any CPU
		{6C9E1706-976B-4927-A368-65698402FCA1}.Debug|Any CPU.Build.0 = Debug|Any CPU
		{6C9E1706-976B-4927-A368-65698402FCA1}.Debug|x64.ActiveCfg = Debug|Any CPU
		{6C9E1706-976B-4927-A368-65698402FCA1}.Debug|x64.Build.0 = Debug|Any CPU
		{6C9E1706-976B-4927-A368-65698402FCA1}.Debug|x86.ActiveCfg = Debug|Any CPU
		{6C9E1706-976B-4927-A368-65698402FCA1}.Debug|x86.Build.0 = Debug|Any CPU
		{6C9E1706-976B-4927-A368-65698402FCA1}.Release|Any CPU.ActiveCfg = Release|Any CPU
		{6C9E1706-976B-4927-A368-65698402FCA1}.Release|Any CPU.Build.0 = Release|Any CPU
		{6C9E1706-976B-4927-A368-65698402FCA1}.Release|x64.ActiveCfg = Release|Any CPU
		{6C9E1706-976B-4927-A368-65698402FCA1}.Release|x64.Build.0 = Release|Any CPU
		{6C9E1706-976B-4927-A368-65698402FCA1}.Release|x86.ActiveCfg = Release|Any CPU
		{6C9E1706-976B-4927-A368-65698402FCA1}.Release|x86.Build.0 = Release|Any CPU
		{A736A4A6-0790-4095-9336-38946B5E7FC2}.Debug|Any CPU.ActiveCfg = Debug|Any CPU
		{A736A4A6-0790-4095-9336-38946B5E7FC2}.Debug|Any CPU.Build.0 = Debug|Any CPU
		{A736A4A6-0790-4095-9336-38946B5E7FC2}.Debug|x64.ActiveCfg = Debug|Any CPU
		{A736A4A6-0790-4095-9336-38946B5E7FC2}.Debug|x64.Build.0 = Debug|Any CPU
		{A736A4A6-0790-4095-9336-38946B5E7FC2}.Debug|x86.ActiveCfg = Debug|Any CPU
		{A736A4A6-0790-4095-9336-38946B5E7FC2}.Debug|x86.Build.0 = Debug|Any CPU
		{A736A4A6-0790-4095-9336-38946B5E7FC2}.Release|Any CPU.ActiveCfg = Release|Any CPU
		{A736A4A6-0790-4095-9336-38946B5E7FC2}.Release|Any CPU.Build.0 = Release|Any CPU
		{A736A4A6-0790-4095-9336-38946B5E7FC2}.Release|x64.ActiveCfg = Release|Any CPU
		{A736A4A6-0790-4095-9336-38946B5E7FC2}.Release|x64.Build.0 = Release|Any CPU
		{A736A4A6-0790-4095-9336-38946B5E7FC2}.Release|x86.ActiveCfg = Release|Any CPU
		{A736A4A6-0790-4095-9336-38946B5E7FC2}.Release|x86.Build.0 = Release|Any CPU
		{513DDE58-AD17-47D0-A6CC-0F8FB904D928}.Debug|Any CPU.ActiveCfg = Debug|Any CPU
		{513DDE58-AD17-47D0-A6CC-0F8FB904D928}.Debug|Any CPU.Build.0 = Debug|Any CPU
		{513DDE58-AD17-47D0-A6CC-0F8FB904D928}.Debug|x64.ActiveCfg = Debug|Any CPU
		{513DDE58-AD17-47D0-A6CC-0F8FB904D928}.Debug|x64.Build.0 = Debug|Any CPU
		{513DDE58-AD17-47D0-A6CC-0F8FB904D928}.Debug|x86.ActiveCfg = Debug|Any CPU
		{513DDE58-AD17-47D0-A6CC-0F8FB904D928}.Debug|x86.Build.0 = Debug|Any CPU
		{513DDE58-AD17-47D0-A6CC-0F8FB904D928}.Release|Any CPU.ActiveCfg = Release|Any CPU
		{513DDE58-AD17-47D0-A6CC-0F8FB904D928}.Release|Any CPU.Build.0 = Release|Any CPU
		{513DDE58-AD17-47D0-A6CC-0F8FB904D928}.Release|x64.ActiveCfg = Release|Any CPU
		{513DDE58-AD17-47D0-A6CC-0F8FB904D928}.Release|x64.Build.0 = Release|Any CPU
		{513DDE58-AD17-47D0-A6CC-0F8FB904D928}.Release|x86.ActiveCfg = Release|Any CPU
		{513DDE58-AD17-47D0-A6CC-0F8FB904D928}.Release|x86.Build.0 = Release|Any CPU
		{8D08070D-1994-4AB6-BF7E-2B42E91A0866}.Debug|Any CPU.ActiveCfg = Debug|Any CPU
		{8D08070D-1994-4AB6-BF7E-2B42E91A0866}.Debug|Any CPU.Build.0 = Debug|Any CPU
		{8D08070D-1994-4AB6-BF7E-2B42E91A0866}.Debug|x64.ActiveCfg = Debug|Any CPU
		{8D08070D-1994-4AB6-BF7E-2B42E91A0866}.Debug|x64.Build.0 = Debug|Any CPU
		{8D08070D-1994-4AB6-BF7E-2B42E91A0866}.Debug|x86.ActiveCfg = Debug|Any CPU
		{8D08070D-1994-4AB6-BF7E-2B42E91A0866}.Debug|x86.Build.0 = Debug|Any CPU
		{8D08070D-1994-4AB6-BF7E-2B42E91A0866}.Release|Any CPU.ActiveCfg = Release|Any CPU
		{8D08070D-1994-4AB6-BF7E-2B42E91A0866}.Release|Any CPU.Build.0 = Release|Any CPU
		{8D08070D-1994-4AB6-BF7E-2B42E91A0866}.Release|x64.ActiveCfg = Release|Any CPU
		{8D08070D-1994-4AB6-BF7E-2B42E91A0866}.Release|x64.Build.0 = Release|Any CPU
		{8D08070D-1994-4AB6-BF7E-2B42E91A0866}.Release|x86.ActiveCfg = Release|Any CPU
		{8D08070D-1994-4AB6-BF7E-2B42E91A0866}.Release|x86.Build.0 = Release|Any CPU
		{71353BA4-6056-43AB-B450-403823623F32}.Debug|Any CPU.ActiveCfg = Debug|Any CPU
		{71353BA4-6056-43AB-B450-403823623F32}.Debug|Any CPU.Build.0 = Debug|Any CPU
		{71353BA4-6056-43AB-B450-403823623F32}.Debug|x64.ActiveCfg = Debug|Any CPU
		{71353BA4-6056-43AB-B450-403823623F32}.Debug|x64.Build.0 = Debug|Any CPU
		{71353BA4-6056-43AB-B450-403823623F32}.Debug|x86.ActiveCfg = Debug|Any CPU
		{71353BA4-6056-43AB-B450-403823623F32}.Debug|x86.Build.0 = Debug|Any CPU
		{71353BA4-6056-43AB-B450-403823623F32}.Release|Any CPU.ActiveCfg = Release|Any CPU
		{71353BA4-6056-43AB-B450-403823623F32}.Release|Any CPU.Build.0 = Release|Any CPU
		{71353BA4-6056-43AB-B450-403823623F32}.Release|x64.ActiveCfg = Release|Any CPU
		{71353BA4-6056-43AB-B450-403823623F32}.Release|x64.Build.0 = Release|Any CPU
		{71353BA4-6056-43AB-B450-403823623F32}.Release|x86.ActiveCfg = Release|Any CPU
		{71353BA4-6056-43AB-B450-403823623F32}.Release|x86.Build.0 = Release|Any CPU
		{35066116-BF33-48D9-8D34-231731CF8035}.Debug|Any CPU.ActiveCfg = Debug|Any CPU
		{35066116-BF33-48D9-8D34-231731CF8035}.Debug|Any CPU.Build.0 = Debug|Any CPU
		{35066116-BF33-48D9-8D34-231731CF8035}.Debug|x64.ActiveCfg = Debug|Any CPU
		{35066116-BF33-48D9-8D34-231731CF8035}.Debug|x64.Build.0 = Debug|Any CPU
		{35066116-BF33-48D9-8D34-231731CF8035}.Debug|x86.ActiveCfg = Debug|Any CPU
		{35066116-BF33-48D9-8D34-231731CF8035}.Debug|x86.Build.0 = Debug|Any CPU
		{35066116-BF33-48D9-8D34-231731CF8035}.Release|Any CPU.ActiveCfg = Release|Any CPU
		{35066116-BF33-48D9-8D34-231731CF8035}.Release|Any CPU.Build.0 = Release|Any CPU
		{35066116-BF33-48D9-8D34-231731CF8035}.Release|x64.ActiveCfg = Release|Any CPU
		{35066116-BF33-48D9-8D34-231731CF8035}.Release|x64.Build.0 = Release|Any CPU
		{35066116-BF33-48D9-8D34-231731CF8035}.Release|x86.ActiveCfg = Release|Any CPU
		{35066116-BF33-48D9-8D34-231731CF8035}.Release|x86.Build.0 = Release|Any CPU
		{1204B431-1884-40D9-AF4E-F5C8CE77EB1B}.Debug|Any CPU.ActiveCfg = Debug|Any CPU
		{1204B431-1884-40D9-AF4E-F5C8CE77EB1B}.Debug|Any CPU.Build.0 = Debug|Any CPU
		{1204B431-1884-40D9-AF4E-F5C8CE77EB1B}.Debug|x64.ActiveCfg = Debug|Any CPU
		{1204B431-1884-40D9-AF4E-F5C8CE77EB1B}.Debug|x64.Build.0 = Debug|Any CPU
		{1204B431-1884-40D9-AF4E-F5C8CE77EB1B}.Debug|x86.ActiveCfg = Debug|Any CPU
		{1204B431-1884-40D9-AF4E-F5C8CE77EB1B}.Debug|x86.Build.0 = Debug|Any CPU
		{1204B431-1884-40D9-AF4E-F5C8CE77EB1B}.Release|Any CPU.ActiveCfg = Release|Any CPU
		{1204B431-1884-40D9-AF4E-F5C8CE77EB1B}.Release|Any CPU.Build.0 = Release|Any CPU
		{1204B431-1884-40D9-AF4E-F5C8CE77EB1B}.Release|x64.ActiveCfg = Release|Any CPU
		{1204B431-1884-40D9-AF4E-F5C8CE77EB1B}.Release|x64.Build.0 = Release|Any CPU
		{1204B431-1884-40D9-AF4E-F5C8CE77EB1B}.Release|x86.ActiveCfg = Release|Any CPU
		{1204B431-1884-40D9-AF4E-F5C8CE77EB1B}.Release|x86.Build.0 = Release|Any CPU
		{F201D840-B29C-4BBC-A86F-CC41538B0F71}.Debug|Any CPU.ActiveCfg = Debug|Any CPU
		{F201D840-B29C-4BBC-A86F-CC41538B0F71}.Debug|Any CPU.Build.0 = Debug|Any CPU
		{F201D840-B29C-4BBC-A86F-CC41538B0F71}.Debug|x64.ActiveCfg = Debug|Any CPU
		{F201D840-B29C-4BBC-A86F-CC41538B0F71}.Debug|x64.Build.0 = Debug|Any CPU
		{F201D840-B29C-4BBC-A86F-CC41538B0F71}.Debug|x86.ActiveCfg = Debug|Any CPU
		{F201D840-B29C-4BBC-A86F-CC41538B0F71}.Debug|x86.Build.0 = Debug|Any CPU
		{F201D840-B29C-4BBC-A86F-CC41538B0F71}.Release|Any CPU.ActiveCfg = Release|Any CPU
		{F201D840-B29C-4BBC-A86F-CC41538B0F71}.Release|Any CPU.Build.0 = Release|Any CPU
		{F201D840-B29C-4BBC-A86F-CC41538B0F71}.Release|x64.ActiveCfg = Release|Any CPU
		{F201D840-B29C-4BBC-A86F-CC41538B0F71}.Release|x64.Build.0 = Release|Any CPU
		{F201D840-B29C-4BBC-A86F-CC41538B0F71}.Release|x86.ActiveCfg = Release|Any CPU
		{F201D840-B29C-4BBC-A86F-CC41538B0F71}.Release|x86.Build.0 = Release|Any CPU
		{CABB2071-F623-4BFC-B193-A048A56EC9AB}.Debug|Any CPU.ActiveCfg = Debug|Any CPU
		{CABB2071-F623-4BFC-B193-A048A56EC9AB}.Debug|Any CPU.Build.0 = Debug|Any CPU
		{CABB2071-F623-4BFC-B193-A048A56EC9AB}.Debug|x64.ActiveCfg = Debug|Any CPU
		{CABB2071-F623-4BFC-B193-A048A56EC9AB}.Debug|x64.Build.0 = Debug|Any CPU
		{CABB2071-F623-4BFC-B193-A048A56EC9AB}.Debug|x86.ActiveCfg = Debug|Any CPU
		{CABB2071-F623-4BFC-B193-A048A56EC9AB}.Debug|x86.Build.0 = Debug|Any CPU
		{CABB2071-F623-4BFC-B193-A048A56EC9AB}.Release|Any CPU.ActiveCfg = Release|Any CPU
		{CABB2071-F623-4BFC-B193-A048A56EC9AB}.Release|Any CPU.Build.0 = Release|Any CPU
		{CABB2071-F623-4BFC-B193-A048A56EC9AB}.Release|x64.ActiveCfg = Release|Any CPU
		{CABB2071-F623-4BFC-B193-A048A56EC9AB}.Release|x64.Build.0 = Release|Any CPU
		{CABB2071-F623-4BFC-B193-A048A56EC9AB}.Release|x86.ActiveCfg = Release|Any CPU
		{CABB2071-F623-4BFC-B193-A048A56EC9AB}.Release|x86.Build.0 = Release|Any CPU
		{67A611CC-747D-4FF1-8C07-C2B534F44DC0}.Debug|Any CPU.ActiveCfg = Debug|Any CPU
		{67A611CC-747D-4FF1-8C07-C2B534F44DC0}.Debug|Any CPU.Build.0 = Debug|Any CPU
		{67A611CC-747D-4FF1-8C07-C2B534F44DC0}.Debug|x64.ActiveCfg = Debug|Any CPU
		{67A611CC-747D-4FF1-8C07-C2B534F44DC0}.Debug|x64.Build.0 = Debug|Any CPU
		{67A611CC-747D-4FF1-8C07-C2B534F44DC0}.Debug|x86.ActiveCfg = Debug|Any CPU
		{67A611CC-747D-4FF1-8C07-C2B534F44DC0}.Debug|x86.Build.0 = Debug|Any CPU
		{67A611CC-747D-4FF1-8C07-C2B534F44DC0}.Release|Any CPU.ActiveCfg = Release|Any CPU
		{67A611CC-747D-4FF1-8C07-C2B534F44DC0}.Release|Any CPU.Build.0 = Release|Any CPU
		{67A611CC-747D-4FF1-8C07-C2B534F44DC0}.Release|x64.ActiveCfg = Release|Any CPU
		{67A611CC-747D-4FF1-8C07-C2B534F44DC0}.Release|x64.Build.0 = Release|Any CPU
		{67A611CC-747D-4FF1-8C07-C2B534F44DC0}.Release|x86.ActiveCfg = Release|Any CPU
		{67A611CC-747D-4FF1-8C07-C2B534F44DC0}.Release|x86.Build.0 = Release|Any CPU
		{EDE12247-E42A-4F89-82F3-40F72679DFC2}.Debug|Any CPU.ActiveCfg = Debug|Any CPU
		{EDE12247-E42A-4F89-82F3-40F72679DFC2}.Debug|Any CPU.Build.0 = Debug|Any CPU
		{EDE12247-E42A-4F89-82F3-40F72679DFC2}.Debug|x64.ActiveCfg = Debug|Any CPU
		{EDE12247-E42A-4F89-82F3-40F72679DFC2}.Debug|x64.Build.0 = Debug|Any CPU
		{EDE12247-E42A-4F89-82F3-40F72679DFC2}.Debug|x86.ActiveCfg = Debug|Any CPU
		{EDE12247-E42A-4F89-82F3-40F72679DFC2}.Debug|x86.Build.0 = Debug|Any CPU
		{EDE12247-E42A-4F89-82F3-40F72679DFC2}.Release|Any CPU.ActiveCfg = Release|Any CPU
		{EDE12247-E42A-4F89-82F3-40F72679DFC2}.Release|Any CPU.Build.0 = Release|Any CPU
		{EDE12247-E42A-4F89-82F3-40F72679DFC2}.Release|x64.ActiveCfg = Release|Any CPU
		{EDE12247-E42A-4F89-82F3-40F72679DFC2}.Release|x64.Build.0 = Release|Any CPU
		{EDE12247-E42A-4F89-82F3-40F72679DFC2}.Release|x86.ActiveCfg = Release|Any CPU
		{EDE12247-E42A-4F89-82F3-40F72679DFC2}.Release|x86.Build.0 = Release|Any CPU
		{BE135EC4-9EF7-4834-92FB-C1528F339978}.Debug|Any CPU.ActiveCfg = Debug|Any CPU
		{BE135EC4-9EF7-4834-92FB-C1528F339978}.Debug|Any CPU.Build.0 = Debug|Any CPU
		{BE135EC4-9EF7-4834-92FB-C1528F339978}.Debug|x64.ActiveCfg = Debug|Any CPU
		{BE135EC4-9EF7-4834-92FB-C1528F339978}.Debug|x64.Build.0 = Debug|Any CPU
		{BE135EC4-9EF7-4834-92FB-C1528F339978}.Debug|x86.ActiveCfg = Debug|Any CPU
		{BE135EC4-9EF7-4834-92FB-C1528F339978}.Debug|x86.Build.0 = Debug|Any CPU
		{BE135EC4-9EF7-4834-92FB-C1528F339978}.Release|Any CPU.ActiveCfg = Release|Any CPU
		{BE135EC4-9EF7-4834-92FB-C1528F339978}.Release|Any CPU.Build.0 = Release|Any CPU
		{BE135EC4-9EF7-4834-92FB-C1528F339978}.Release|x64.ActiveCfg = Release|Any CPU
		{BE135EC4-9EF7-4834-92FB-C1528F339978}.Release|x64.Build.0 = Release|Any CPU
		{BE135EC4-9EF7-4834-92FB-C1528F339978}.Release|x86.ActiveCfg = Release|Any CPU
		{BE135EC4-9EF7-4834-92FB-C1528F339978}.Release|x86.Build.0 = Release|Any CPU
		{D6BBBBBE-29B0-4D59-9DC2-87D2F09D4AB1}.Debug|Any CPU.ActiveCfg = Debug|Any CPU
		{D6BBBBBE-29B0-4D59-9DC2-87D2F09D4AB1}.Debug|Any CPU.Build.0 = Debug|Any CPU
		{D6BBBBBE-29B0-4D59-9DC2-87D2F09D4AB1}.Debug|x64.ActiveCfg = Debug|Any CPU
		{D6BBBBBE-29B0-4D59-9DC2-87D2F09D4AB1}.Debug|x64.Build.0 = Debug|Any CPU
		{D6BBBBBE-29B0-4D59-9DC2-87D2F09D4AB1}.Debug|x86.ActiveCfg = Debug|Any CPU
		{D6BBBBBE-29B0-4D59-9DC2-87D2F09D4AB1}.Debug|x86.Build.0 = Debug|Any CPU
		{D6BBBBBE-29B0-4D59-9DC2-87D2F09D4AB1}.Release|Any CPU.ActiveCfg = Release|Any CPU
		{D6BBBBBE-29B0-4D59-9DC2-87D2F09D4AB1}.Release|Any CPU.Build.0 = Release|Any CPU
		{D6BBBBBE-29B0-4D59-9DC2-87D2F09D4AB1}.Release|x64.ActiveCfg = Release|Any CPU
		{D6BBBBBE-29B0-4D59-9DC2-87D2F09D4AB1}.Release|x64.Build.0 = Release|Any CPU
		{D6BBBBBE-29B0-4D59-9DC2-87D2F09D4AB1}.Release|x86.ActiveCfg = Release|Any CPU
		{D6BBBBBE-29B0-4D59-9DC2-87D2F09D4AB1}.Release|x86.Build.0 = Release|Any CPU
		{26ED8DE4-4098-486D-9180-8132BF429B30}.Debug|Any CPU.ActiveCfg = Debug|Any CPU
		{26ED8DE4-4098-486D-9180-8132BF429B30}.Debug|Any CPU.Build.0 = Debug|Any CPU
		{26ED8DE4-4098-486D-9180-8132BF429B30}.Debug|x64.ActiveCfg = Debug|Any CPU
		{26ED8DE4-4098-486D-9180-8132BF429B30}.Debug|x64.Build.0 = Debug|Any CPU
		{26ED8DE4-4098-486D-9180-8132BF429B30}.Debug|x86.ActiveCfg = Debug|Any CPU
		{26ED8DE4-4098-486D-9180-8132BF429B30}.Debug|x86.Build.0 = Debug|Any CPU
		{26ED8DE4-4098-486D-9180-8132BF429B30}.Release|Any CPU.ActiveCfg = Release|Any CPU
		{26ED8DE4-4098-486D-9180-8132BF429B30}.Release|Any CPU.Build.0 = Release|Any CPU
		{26ED8DE4-4098-486D-9180-8132BF429B30}.Release|x64.ActiveCfg = Release|Any CPU
		{26ED8DE4-4098-486D-9180-8132BF429B30}.Release|x64.Build.0 = Release|Any CPU
		{26ED8DE4-4098-486D-9180-8132BF429B30}.Release|x86.ActiveCfg = Release|Any CPU
		{26ED8DE4-4098-486D-9180-8132BF429B30}.Release|x86.Build.0 = Release|Any CPU
		{D2AD8314-CD75-4EF9-9AD5-47A899DA5DD1}.Debug|Any CPU.ActiveCfg = Debug|Any CPU
		{D2AD8314-CD75-4EF9-9AD5-47A899DA5DD1}.Debug|Any CPU.Build.0 = Debug|Any CPU
		{D2AD8314-CD75-4EF9-9AD5-47A899DA5DD1}.Debug|x64.ActiveCfg = Debug|Any CPU
		{D2AD8314-CD75-4EF9-9AD5-47A899DA5DD1}.Debug|x64.Build.0 = Debug|Any CPU
		{D2AD8314-CD75-4EF9-9AD5-47A899DA5DD1}.Debug|x86.ActiveCfg = Debug|Any CPU
		{D2AD8314-CD75-4EF9-9AD5-47A899DA5DD1}.Debug|x86.Build.0 = Debug|Any CPU
		{D2AD8314-CD75-4EF9-9AD5-47A899DA5DD1}.Release|Any CPU.ActiveCfg = Release|Any CPU
		{D2AD8314-CD75-4EF9-9AD5-47A899DA5DD1}.Release|Any CPU.Build.0 = Release|Any CPU
		{D2AD8314-CD75-4EF9-9AD5-47A899DA5DD1}.Release|x64.ActiveCfg = Release|Any CPU
		{D2AD8314-CD75-4EF9-9AD5-47A899DA5DD1}.Release|x64.Build.0 = Release|Any CPU
		{D2AD8314-CD75-4EF9-9AD5-47A899DA5DD1}.Release|x86.ActiveCfg = Release|Any CPU
		{D2AD8314-CD75-4EF9-9AD5-47A899DA5DD1}.Release|x86.Build.0 = Release|Any CPU
		{466DDD74-0DC4-4999-9A13-CB638CAA7C30}.Debug|Any CPU.ActiveCfg = Debug|Any CPU
		{466DDD74-0DC4-4999-9A13-CB638CAA7C30}.Debug|Any CPU.Build.0 = Debug|Any CPU
		{466DDD74-0DC4-4999-9A13-CB638CAA7C30}.Debug|x64.ActiveCfg = Debug|Any CPU
		{466DDD74-0DC4-4999-9A13-CB638CAA7C30}.Debug|x64.Build.0 = Debug|Any CPU
		{466DDD74-0DC4-4999-9A13-CB638CAA7C30}.Debug|x86.ActiveCfg = Debug|Any CPU
		{466DDD74-0DC4-4999-9A13-CB638CAA7C30}.Debug|x86.Build.0 = Debug|Any CPU
		{466DDD74-0DC4-4999-9A13-CB638CAA7C30}.Release|Any CPU.ActiveCfg = Release|Any CPU
		{466DDD74-0DC4-4999-9A13-CB638CAA7C30}.Release|Any CPU.Build.0 = Release|Any CPU
		{466DDD74-0DC4-4999-9A13-CB638CAA7C30}.Release|x64.ActiveCfg = Release|Any CPU
		{466DDD74-0DC4-4999-9A13-CB638CAA7C30}.Release|x64.Build.0 = Release|Any CPU
		{466DDD74-0DC4-4999-9A13-CB638CAA7C30}.Release|x86.ActiveCfg = Release|Any CPU
		{466DDD74-0DC4-4999-9A13-CB638CAA7C30}.Release|x86.Build.0 = Release|Any CPU
		{87B742EB-B310-4E7C-AEB1-1C29717E0A55}.Debug|Any CPU.ActiveCfg = Debug|Any CPU
		{87B742EB-B310-4E7C-AEB1-1C29717E0A55}.Debug|Any CPU.Build.0 = Debug|Any CPU
		{87B742EB-B310-4E7C-AEB1-1C29717E0A55}.Debug|x64.ActiveCfg = Debug|Any CPU
		{87B742EB-B310-4E7C-AEB1-1C29717E0A55}.Debug|x64.Build.0 = Debug|Any CPU
		{87B742EB-B310-4E7C-AEB1-1C29717E0A55}.Debug|x86.ActiveCfg = Debug|Any CPU
		{87B742EB-B310-4E7C-AEB1-1C29717E0A55}.Debug|x86.Build.0 = Debug|Any CPU
		{87B742EB-B310-4E7C-AEB1-1C29717E0A55}.Release|Any CPU.ActiveCfg = Release|Any CPU
		{87B742EB-B310-4E7C-AEB1-1C29717E0A55}.Release|Any CPU.Build.0 = Release|Any CPU
		{87B742EB-B310-4E7C-AEB1-1C29717E0A55}.Release|x64.ActiveCfg = Release|Any CPU
		{87B742EB-B310-4E7C-AEB1-1C29717E0A55}.Release|x64.Build.0 = Release|Any CPU
		{87B742EB-B310-4E7C-AEB1-1C29717E0A55}.Release|x86.ActiveCfg = Release|Any CPU
		{87B742EB-B310-4E7C-AEB1-1C29717E0A55}.Release|x86.Build.0 = Release|Any CPU
		{6D73CE06-C9BF-4DD4-82E8-21E83F3B0B6A}.Debug|Any CPU.ActiveCfg = Debug|Any CPU
		{6D73CE06-C9BF-4DD4-82E8-21E83F3B0B6A}.Debug|Any CPU.Build.0 = Debug|Any CPU
		{6D73CE06-C9BF-4DD4-82E8-21E83F3B0B6A}.Debug|x64.ActiveCfg = Debug|Any CPU
		{6D73CE06-C9BF-4DD4-82E8-21E83F3B0B6A}.Debug|x64.Build.0 = Debug|Any CPU
		{6D73CE06-C9BF-4DD4-82E8-21E83F3B0B6A}.Debug|x86.ActiveCfg = Debug|Any CPU
		{6D73CE06-C9BF-4DD4-82E8-21E83F3B0B6A}.Debug|x86.Build.0 = Debug|Any CPU
		{6D73CE06-C9BF-4DD4-82E8-21E83F3B0B6A}.Release|Any CPU.ActiveCfg = Release|Any CPU
		{6D73CE06-C9BF-4DD4-82E8-21E83F3B0B6A}.Release|Any CPU.Build.0 = Release|Any CPU
		{6D73CE06-C9BF-4DD4-82E8-21E83F3B0B6A}.Release|x64.ActiveCfg = Release|Any CPU
		{6D73CE06-C9BF-4DD4-82E8-21E83F3B0B6A}.Release|x64.Build.0 = Release|Any CPU
		{6D73CE06-C9BF-4DD4-82E8-21E83F3B0B6A}.Release|x86.ActiveCfg = Release|Any CPU
		{6D73CE06-C9BF-4DD4-82E8-21E83F3B0B6A}.Release|x86.Build.0 = Release|Any CPU
		{50C7244D-3FFF-432D-B090-B3BE6A8CD714}.Debug|Any CPU.ActiveCfg = Debug|Any CPU
		{50C7244D-3FFF-432D-B090-B3BE6A8CD714}.Debug|Any CPU.Build.0 = Debug|Any CPU
		{50C7244D-3FFF-432D-B090-B3BE6A8CD714}.Debug|x64.ActiveCfg = Debug|Any CPU
		{50C7244D-3FFF-432D-B090-B3BE6A8CD714}.Debug|x64.Build.0 = Debug|Any CPU
		{50C7244D-3FFF-432D-B090-B3BE6A8CD714}.Debug|x86.ActiveCfg = Debug|Any CPU
		{50C7244D-3FFF-432D-B090-B3BE6A8CD714}.Debug|x86.Build.0 = Debug|Any CPU
		{50C7244D-3FFF-432D-B090-B3BE6A8CD714}.Release|Any CPU.ActiveCfg = Release|Any CPU
		{50C7244D-3FFF-432D-B090-B3BE6A8CD714}.Release|Any CPU.Build.0 = Release|Any CPU
		{50C7244D-3FFF-432D-B090-B3BE6A8CD714}.Release|x64.ActiveCfg = Release|Any CPU
		{50C7244D-3FFF-432D-B090-B3BE6A8CD714}.Release|x64.Build.0 = Release|Any CPU
		{50C7244D-3FFF-432D-B090-B3BE6A8CD714}.Release|x86.ActiveCfg = Release|Any CPU
		{50C7244D-3FFF-432D-B090-B3BE6A8CD714}.Release|x86.Build.0 = Release|Any CPU
		{810D8802-919A-4073-88A8-2CD1AF65CC7F}.Debug|Any CPU.ActiveCfg = Debug|Any CPU
		{810D8802-919A-4073-88A8-2CD1AF65CC7F}.Debug|Any CPU.Build.0 = Debug|Any CPU
		{810D8802-919A-4073-88A8-2CD1AF65CC7F}.Debug|x64.ActiveCfg = Debug|Any CPU
		{810D8802-919A-4073-88A8-2CD1AF65CC7F}.Debug|x64.Build.0 = Debug|Any CPU
		{810D8802-919A-4073-88A8-2CD1AF65CC7F}.Debug|x86.ActiveCfg = Debug|Any CPU
		{810D8802-919A-4073-88A8-2CD1AF65CC7F}.Debug|x86.Build.0 = Debug|Any CPU
		{810D8802-919A-4073-88A8-2CD1AF65CC7F}.Release|Any CPU.ActiveCfg = Release|Any CPU
		{810D8802-919A-4073-88A8-2CD1AF65CC7F}.Release|Any CPU.Build.0 = Release|Any CPU
		{810D8802-919A-4073-88A8-2CD1AF65CC7F}.Release|x64.ActiveCfg = Release|Any CPU
		{810D8802-919A-4073-88A8-2CD1AF65CC7F}.Release|x64.Build.0 = Release|Any CPU
		{810D8802-919A-4073-88A8-2CD1AF65CC7F}.Release|x86.ActiveCfg = Release|Any CPU
		{810D8802-919A-4073-88A8-2CD1AF65CC7F}.Release|x86.Build.0 = Release|Any CPU
		{BEF97BAE-99DB-4391-9D86-09A883C82CF0}.Debug|Any CPU.ActiveCfg = Debug|Any CPU
		{BEF97BAE-99DB-4391-9D86-09A883C82CF0}.Debug|Any CPU.Build.0 = Debug|Any CPU
		{BEF97BAE-99DB-4391-9D86-09A883C82CF0}.Debug|x64.ActiveCfg = Debug|Any CPU
		{BEF97BAE-99DB-4391-9D86-09A883C82CF0}.Debug|x64.Build.0 = Debug|Any CPU
		{BEF97BAE-99DB-4391-9D86-09A883C82CF0}.Debug|x86.ActiveCfg = Debug|Any CPU
		{BEF97BAE-99DB-4391-9D86-09A883C82CF0}.Debug|x86.Build.0 = Debug|Any CPU
		{BEF97BAE-99DB-4391-9D86-09A883C82CF0}.Release|Any CPU.ActiveCfg = Release|Any CPU
		{BEF97BAE-99DB-4391-9D86-09A883C82CF0}.Release|Any CPU.Build.0 = Release|Any CPU
		{BEF97BAE-99DB-4391-9D86-09A883C82CF0}.Release|x64.ActiveCfg = Release|Any CPU
		{BEF97BAE-99DB-4391-9D86-09A883C82CF0}.Release|x64.Build.0 = Release|Any CPU
		{BEF97BAE-99DB-4391-9D86-09A883C82CF0}.Release|x86.ActiveCfg = Release|Any CPU
		{BEF97BAE-99DB-4391-9D86-09A883C82CF0}.Release|x86.Build.0 = Release|Any CPU
		{9691C53F-F6E0-451A-901C-1F039498923C}.Debug|Any CPU.ActiveCfg = Debug|Any CPU
		{9691C53F-F6E0-451A-901C-1F039498923C}.Debug|Any CPU.Build.0 = Debug|Any CPU
		{9691C53F-F6E0-451A-901C-1F039498923C}.Debug|x64.ActiveCfg = Debug|Any CPU
		{9691C53F-F6E0-451A-901C-1F039498923C}.Debug|x64.Build.0 = Debug|Any CPU
		{9691C53F-F6E0-451A-901C-1F039498923C}.Debug|x86.ActiveCfg = Debug|Any CPU
		{9691C53F-F6E0-451A-901C-1F039498923C}.Debug|x86.Build.0 = Debug|Any CPU
		{9691C53F-F6E0-451A-901C-1F039498923C}.Release|Any CPU.ActiveCfg = Release|Any CPU
		{9691C53F-F6E0-451A-901C-1F039498923C}.Release|Any CPU.Build.0 = Release|Any CPU
		{9691C53F-F6E0-451A-901C-1F039498923C}.Release|x64.ActiveCfg = Release|Any CPU
		{9691C53F-F6E0-451A-901C-1F039498923C}.Release|x64.Build.0 = Release|Any CPU
		{9691C53F-F6E0-451A-901C-1F039498923C}.Release|x86.ActiveCfg = Release|Any CPU
		{9691C53F-F6E0-451A-901C-1F039498923C}.Release|x86.Build.0 = Release|Any CPU
		{2F24A256-D185-452A-9A8D-5C10A1B04834}.Debug|Any CPU.ActiveCfg = Debug|Any CPU
		{2F24A256-D185-452A-9A8D-5C10A1B04834}.Debug|Any CPU.Build.0 = Debug|Any CPU
		{2F24A256-D185-452A-9A8D-5C10A1B04834}.Debug|x64.ActiveCfg = Debug|Any CPU
		{2F24A256-D185-452A-9A8D-5C10A1B04834}.Debug|x64.Build.0 = Debug|Any CPU
		{2F24A256-D185-452A-9A8D-5C10A1B04834}.Debug|x86.ActiveCfg = Debug|Any CPU
		{2F24A256-D185-452A-9A8D-5C10A1B04834}.Debug|x86.Build.0 = Debug|Any CPU
		{2F24A256-D185-452A-9A8D-5C10A1B04834}.Release|Any CPU.ActiveCfg = Release|Any CPU
		{2F24A256-D185-452A-9A8D-5C10A1B04834}.Release|Any CPU.Build.0 = Release|Any CPU
		{2F24A256-D185-452A-9A8D-5C10A1B04834}.Release|x64.ActiveCfg = Release|Any CPU
		{2F24A256-D185-452A-9A8D-5C10A1B04834}.Release|x64.Build.0 = Release|Any CPU
		{2F24A256-D185-452A-9A8D-5C10A1B04834}.Release|x86.ActiveCfg = Release|Any CPU
		{2F24A256-D185-452A-9A8D-5C10A1B04834}.Release|x86.Build.0 = Release|Any CPU
		{79A9BBAB-E159-4DF4-9101-DD17D7B13835}.Debug|Any CPU.ActiveCfg = Debug|Any CPU
		{79A9BBAB-E159-4DF4-9101-DD17D7B13835}.Debug|Any CPU.Build.0 = Debug|Any CPU
		{79A9BBAB-E159-4DF4-9101-DD17D7B13835}.Debug|x64.ActiveCfg = Debug|Any CPU
		{79A9BBAB-E159-4DF4-9101-DD17D7B13835}.Debug|x64.Build.0 = Debug|Any CPU
		{79A9BBAB-E159-4DF4-9101-DD17D7B13835}.Debug|x86.ActiveCfg = Debug|Any CPU
		{79A9BBAB-E159-4DF4-9101-DD17D7B13835}.Debug|x86.Build.0 = Debug|Any CPU
		{79A9BBAB-E159-4DF4-9101-DD17D7B13835}.Release|Any CPU.ActiveCfg = Release|Any CPU
		{79A9BBAB-E159-4DF4-9101-DD17D7B13835}.Release|Any CPU.Build.0 = Release|Any CPU
		{79A9BBAB-E159-4DF4-9101-DD17D7B13835}.Release|x64.ActiveCfg = Release|Any CPU
		{79A9BBAB-E159-4DF4-9101-DD17D7B13835}.Release|x64.Build.0 = Release|Any CPU
		{79A9BBAB-E159-4DF4-9101-DD17D7B13835}.Release|x86.ActiveCfg = Release|Any CPU
		{79A9BBAB-E159-4DF4-9101-DD17D7B13835}.Release|x86.Build.0 = Release|Any CPU
		{2A0970C7-B275-4ABC-B92B-CC17325D6FF5}.Debug|Any CPU.ActiveCfg = Debug|Any CPU
		{2A0970C7-B275-4ABC-B92B-CC17325D6FF5}.Debug|Any CPU.Build.0 = Debug|Any CPU
		{2A0970C7-B275-4ABC-B92B-CC17325D6FF5}.Debug|x64.ActiveCfg = Debug|Any CPU
		{2A0970C7-B275-4ABC-B92B-CC17325D6FF5}.Debug|x64.Build.0 = Debug|Any CPU
		{2A0970C7-B275-4ABC-B92B-CC17325D6FF5}.Debug|x86.ActiveCfg = Debug|Any CPU
		{2A0970C7-B275-4ABC-B92B-CC17325D6FF5}.Debug|x86.Build.0 = Debug|Any CPU
		{2A0970C7-B275-4ABC-B92B-CC17325D6FF5}.Release|Any CPU.ActiveCfg = Release|Any CPU
		{2A0970C7-B275-4ABC-B92B-CC17325D6FF5}.Release|Any CPU.Build.0 = Release|Any CPU
		{2A0970C7-B275-4ABC-B92B-CC17325D6FF5}.Release|x64.ActiveCfg = Release|Any CPU
		{2A0970C7-B275-4ABC-B92B-CC17325D6FF5}.Release|x64.Build.0 = Release|Any CPU
		{2A0970C7-B275-4ABC-B92B-CC17325D6FF5}.Release|x86.ActiveCfg = Release|Any CPU
		{2A0970C7-B275-4ABC-B92B-CC17325D6FF5}.Release|x86.Build.0 = Release|Any CPU
		{D1B02612-091F-44CF-968F-F9B4C286061E}.Debug|Any CPU.ActiveCfg = Debug|Any CPU
		{D1B02612-091F-44CF-968F-F9B4C286061E}.Debug|Any CPU.Build.0 = Debug|Any CPU
		{D1B02612-091F-44CF-968F-F9B4C286061E}.Debug|x64.ActiveCfg = Debug|Any CPU
		{D1B02612-091F-44CF-968F-F9B4C286061E}.Debug|x64.Build.0 = Debug|Any CPU
		{D1B02612-091F-44CF-968F-F9B4C286061E}.Debug|x86.ActiveCfg = Debug|Any CPU
		{D1B02612-091F-44CF-968F-F9B4C286061E}.Debug|x86.Build.0 = Debug|Any CPU
		{D1B02612-091F-44CF-968F-F9B4C286061E}.Release|Any CPU.ActiveCfg = Release|Any CPU
		{D1B02612-091F-44CF-968F-F9B4C286061E}.Release|Any CPU.Build.0 = Release|Any CPU
		{D1B02612-091F-44CF-968F-F9B4C286061E}.Release|x64.ActiveCfg = Release|Any CPU
		{D1B02612-091F-44CF-968F-F9B4C286061E}.Release|x64.Build.0 = Release|Any CPU
		{D1B02612-091F-44CF-968F-F9B4C286061E}.Release|x86.ActiveCfg = Release|Any CPU
		{D1B02612-091F-44CF-968F-F9B4C286061E}.Release|x86.Build.0 = Release|Any CPU
		{B4103316-82EB-4452-97FD-5B7E99F4D41B}.Debug|Any CPU.ActiveCfg = Debug|Any CPU
		{B4103316-82EB-4452-97FD-5B7E99F4D41B}.Debug|Any CPU.Build.0 = Debug|Any CPU
		{B4103316-82EB-4452-97FD-5B7E99F4D41B}.Debug|x64.ActiveCfg = Debug|Any CPU
		{B4103316-82EB-4452-97FD-5B7E99F4D41B}.Debug|x64.Build.0 = Debug|Any CPU
		{B4103316-82EB-4452-97FD-5B7E99F4D41B}.Debug|x86.ActiveCfg = Debug|Any CPU
		{B4103316-82EB-4452-97FD-5B7E99F4D41B}.Debug|x86.Build.0 = Debug|Any CPU
		{B4103316-82EB-4452-97FD-5B7E99F4D41B}.Release|Any CPU.ActiveCfg = Release|Any CPU
		{B4103316-82EB-4452-97FD-5B7E99F4D41B}.Release|Any CPU.Build.0 = Release|Any CPU
		{B4103316-82EB-4452-97FD-5B7E99F4D41B}.Release|x64.ActiveCfg = Release|Any CPU
		{B4103316-82EB-4452-97FD-5B7E99F4D41B}.Release|x64.Build.0 = Release|Any CPU
		{B4103316-82EB-4452-97FD-5B7E99F4D41B}.Release|x86.ActiveCfg = Release|Any CPU
		{B4103316-82EB-4452-97FD-5B7E99F4D41B}.Release|x86.Build.0 = Release|Any CPU
		{2D72E27E-414B-46D8-9674-A74BF58BEBA9}.Debug|Any CPU.ActiveCfg = Debug|Any CPU
		{2D72E27E-414B-46D8-9674-A74BF58BEBA9}.Debug|Any CPU.Build.0 = Debug|Any CPU
		{2D72E27E-414B-46D8-9674-A74BF58BEBA9}.Debug|x64.ActiveCfg = Debug|Any CPU
		{2D72E27E-414B-46D8-9674-A74BF58BEBA9}.Debug|x64.Build.0 = Debug|Any CPU
		{2D72E27E-414B-46D8-9674-A74BF58BEBA9}.Debug|x86.ActiveCfg = Debug|Any CPU
		{2D72E27E-414B-46D8-9674-A74BF58BEBA9}.Debug|x86.Build.0 = Debug|Any CPU
		{2D72E27E-414B-46D8-9674-A74BF58BEBA9}.Release|Any CPU.ActiveCfg = Release|Any CPU
		{2D72E27E-414B-46D8-9674-A74BF58BEBA9}.Release|Any CPU.Build.0 = Release|Any CPU
		{2D72E27E-414B-46D8-9674-A74BF58BEBA9}.Release|x64.ActiveCfg = Release|Any CPU
		{2D72E27E-414B-46D8-9674-A74BF58BEBA9}.Release|x64.Build.0 = Release|Any CPU
		{2D72E27E-414B-46D8-9674-A74BF58BEBA9}.Release|x86.ActiveCfg = Release|Any CPU
		{2D72E27E-414B-46D8-9674-A74BF58BEBA9}.Release|x86.Build.0 = Release|Any CPU
		{8B346D90-E51D-47E4-B040-AAE7BFEF473C}.Debug|Any CPU.ActiveCfg = Debug|Any CPU
		{8B346D90-E51D-47E4-B040-AAE7BFEF473C}.Debug|Any CPU.Build.0 = Debug|Any CPU
		{8B346D90-E51D-47E4-B040-AAE7BFEF473C}.Debug|x64.ActiveCfg = Debug|Any CPU
		{8B346D90-E51D-47E4-B040-AAE7BFEF473C}.Debug|x64.Build.0 = Debug|Any CPU
		{8B346D90-E51D-47E4-B040-AAE7BFEF473C}.Debug|x86.ActiveCfg = Debug|Any CPU
		{8B346D90-E51D-47E4-B040-AAE7BFEF473C}.Debug|x86.Build.0 = Debug|Any CPU
		{8B346D90-E51D-47E4-B040-AAE7BFEF473C}.Release|Any CPU.ActiveCfg = Release|Any CPU
		{8B346D90-E51D-47E4-B040-AAE7BFEF473C}.Release|Any CPU.Build.0 = Release|Any CPU
		{8B346D90-E51D-47E4-B040-AAE7BFEF473C}.Release|x64.ActiveCfg = Release|Any CPU
		{8B346D90-E51D-47E4-B040-AAE7BFEF473C}.Release|x64.Build.0 = Release|Any CPU
		{8B346D90-E51D-47E4-B040-AAE7BFEF473C}.Release|x86.ActiveCfg = Release|Any CPU
		{8B346D90-E51D-47E4-B040-AAE7BFEF473C}.Release|x86.Build.0 = Release|Any CPU
		{933BD928-B2F9-48E0-B17F-D0528A840E94}.Debug|Any CPU.ActiveCfg = Debug|Any CPU
		{933BD928-B2F9-48E0-B17F-D0528A840E94}.Debug|Any CPU.Build.0 = Debug|Any CPU
		{933BD928-B2F9-48E0-B17F-D0528A840E94}.Debug|x64.ActiveCfg = Debug|Any CPU
		{933BD928-B2F9-48E0-B17F-D0528A840E94}.Debug|x64.Build.0 = Debug|Any CPU
		{933BD928-B2F9-48E0-B17F-D0528A840E94}.Debug|x86.ActiveCfg = Debug|Any CPU
		{933BD928-B2F9-48E0-B17F-D0528A840E94}.Debug|x86.Build.0 = Debug|Any CPU
		{933BD928-B2F9-48E0-B17F-D0528A840E94}.Release|Any CPU.ActiveCfg = Release|Any CPU
		{933BD928-B2F9-48E0-B17F-D0528A840E94}.Release|Any CPU.Build.0 = Release|Any CPU
		{933BD928-B2F9-48E0-B17F-D0528A840E94}.Release|x64.ActiveCfg = Release|Any CPU
		{933BD928-B2F9-48E0-B17F-D0528A840E94}.Release|x64.Build.0 = Release|Any CPU
		{933BD928-B2F9-48E0-B17F-D0528A840E94}.Release|x86.ActiveCfg = Release|Any CPU
		{933BD928-B2F9-48E0-B17F-D0528A840E94}.Release|x86.Build.0 = Release|Any CPU
		{FA41E684-BFA5-4E8A-A6F8-203293AE1F4E}.Debug|Any CPU.ActiveCfg = Debug|Any CPU
		{FA41E684-BFA5-4E8A-A6F8-203293AE1F4E}.Debug|Any CPU.Build.0 = Debug|Any CPU
		{FA41E684-BFA5-4E8A-A6F8-203293AE1F4E}.Debug|x64.ActiveCfg = Debug|Any CPU
		{FA41E684-BFA5-4E8A-A6F8-203293AE1F4E}.Debug|x64.Build.0 = Debug|Any CPU
		{FA41E684-BFA5-4E8A-A6F8-203293AE1F4E}.Debug|x86.ActiveCfg = Debug|Any CPU
		{FA41E684-BFA5-4E8A-A6F8-203293AE1F4E}.Debug|x86.Build.0 = Debug|Any CPU
		{FA41E684-BFA5-4E8A-A6F8-203293AE1F4E}.Release|Any CPU.ActiveCfg = Release|Any CPU
		{FA41E684-BFA5-4E8A-A6F8-203293AE1F4E}.Release|Any CPU.Build.0 = Release|Any CPU
		{FA41E684-BFA5-4E8A-A6F8-203293AE1F4E}.Release|x64.ActiveCfg = Release|Any CPU
		{FA41E684-BFA5-4E8A-A6F8-203293AE1F4E}.Release|x64.Build.0 = Release|Any CPU
		{FA41E684-BFA5-4E8A-A6F8-203293AE1F4E}.Release|x86.ActiveCfg = Release|Any CPU
		{FA41E684-BFA5-4E8A-A6F8-203293AE1F4E}.Release|x86.Build.0 = Release|Any CPU
		{DFCF6619-1FD8-454E-953C-04A47A82A736}.Debug|Any CPU.ActiveCfg = Debug|Any CPU
		{DFCF6619-1FD8-454E-953C-04A47A82A736}.Debug|Any CPU.Build.0 = Debug|Any CPU
		{DFCF6619-1FD8-454E-953C-04A47A82A736}.Debug|x64.ActiveCfg = Debug|Any CPU
		{DFCF6619-1FD8-454E-953C-04A47A82A736}.Debug|x64.Build.0 = Debug|Any CPU
		{DFCF6619-1FD8-454E-953C-04A47A82A736}.Debug|x86.ActiveCfg = Debug|Any CPU
		{DFCF6619-1FD8-454E-953C-04A47A82A736}.Debug|x86.Build.0 = Debug|Any CPU
		{DFCF6619-1FD8-454E-953C-04A47A82A736}.Release|Any CPU.ActiveCfg = Release|Any CPU
		{DFCF6619-1FD8-454E-953C-04A47A82A736}.Release|Any CPU.Build.0 = Release|Any CPU
		{DFCF6619-1FD8-454E-953C-04A47A82A736}.Release|x64.ActiveCfg = Release|Any CPU
		{DFCF6619-1FD8-454E-953C-04A47A82A736}.Release|x64.Build.0 = Release|Any CPU
		{DFCF6619-1FD8-454E-953C-04A47A82A736}.Release|x86.ActiveCfg = Release|Any CPU
		{DFCF6619-1FD8-454E-953C-04A47A82A736}.Release|x86.Build.0 = Release|Any CPU
		{F3570E5F-276F-4CB8-9794-F7D38B81E84D}.Debug|Any CPU.ActiveCfg = Debug|Any CPU
		{F3570E5F-276F-4CB8-9794-F7D38B81E84D}.Debug|Any CPU.Build.0 = Debug|Any CPU
		{F3570E5F-276F-4CB8-9794-F7D38B81E84D}.Debug|x64.ActiveCfg = Debug|Any CPU
		{F3570E5F-276F-4CB8-9794-F7D38B81E84D}.Debug|x64.Build.0 = Debug|Any CPU
		{F3570E5F-276F-4CB8-9794-F7D38B81E84D}.Debug|x86.ActiveCfg = Debug|Any CPU
		{F3570E5F-276F-4CB8-9794-F7D38B81E84D}.Debug|x86.Build.0 = Debug|Any CPU
		{F3570E5F-276F-4CB8-9794-F7D38B81E84D}.Release|Any CPU.ActiveCfg = Release|Any CPU
		{F3570E5F-276F-4CB8-9794-F7D38B81E84D}.Release|Any CPU.Build.0 = Release|Any CPU
		{F3570E5F-276F-4CB8-9794-F7D38B81E84D}.Release|x64.ActiveCfg = Release|Any CPU
		{F3570E5F-276F-4CB8-9794-F7D38B81E84D}.Release|x64.Build.0 = Release|Any CPU
		{F3570E5F-276F-4CB8-9794-F7D38B81E84D}.Release|x86.ActiveCfg = Release|Any CPU
		{F3570E5F-276F-4CB8-9794-F7D38B81E84D}.Release|x86.Build.0 = Release|Any CPU
		{FD510A54-3959-451E-806E-E1433B0F9AAC}.Debug|Any CPU.ActiveCfg = Debug|Any CPU
		{FD510A54-3959-451E-806E-E1433B0F9AAC}.Debug|Any CPU.Build.0 = Debug|Any CPU
		{FD510A54-3959-451E-806E-E1433B0F9AAC}.Debug|x64.ActiveCfg = Debug|Any CPU
		{FD510A54-3959-451E-806E-E1433B0F9AAC}.Debug|x64.Build.0 = Debug|Any CPU
		{FD510A54-3959-451E-806E-E1433B0F9AAC}.Debug|x86.ActiveCfg = Debug|Any CPU
		{FD510A54-3959-451E-806E-E1433B0F9AAC}.Debug|x86.Build.0 = Debug|Any CPU
		{FD510A54-3959-451E-806E-E1433B0F9AAC}.Release|Any CPU.ActiveCfg = Release|Any CPU
		{FD510A54-3959-451E-806E-E1433B0F9AAC}.Release|Any CPU.Build.0 = Release|Any CPU
		{FD510A54-3959-451E-806E-E1433B0F9AAC}.Release|x64.ActiveCfg = Release|Any CPU
		{FD510A54-3959-451E-806E-E1433B0F9AAC}.Release|x64.Build.0 = Release|Any CPU
		{FD510A54-3959-451E-806E-E1433B0F9AAC}.Release|x86.ActiveCfg = Release|Any CPU
		{FD510A54-3959-451E-806E-E1433B0F9AAC}.Release|x86.Build.0 = Release|Any CPU
		{4623BBE5-F13C-459D-A591-7D4D1D4E3C57}.Debug|Any CPU.ActiveCfg = Debug|Any CPU
		{4623BBE5-F13C-459D-A591-7D4D1D4E3C57}.Debug|Any CPU.Build.0 = Debug|Any CPU
		{4623BBE5-F13C-459D-A591-7D4D1D4E3C57}.Debug|x64.ActiveCfg = Debug|Any CPU
		{4623BBE5-F13C-459D-A591-7D4D1D4E3C57}.Debug|x64.Build.0 = Debug|Any CPU
		{4623BBE5-F13C-459D-A591-7D4D1D4E3C57}.Debug|x86.ActiveCfg = Debug|Any CPU
		{4623BBE5-F13C-459D-A591-7D4D1D4E3C57}.Debug|x86.Build.0 = Debug|Any CPU
		{4623BBE5-F13C-459D-A591-7D4D1D4E3C57}.Release|Any CPU.ActiveCfg = Release|Any CPU
		{4623BBE5-F13C-459D-A591-7D4D1D4E3C57}.Release|Any CPU.Build.0 = Release|Any CPU
		{4623BBE5-F13C-459D-A591-7D4D1D4E3C57}.Release|x64.ActiveCfg = Release|Any CPU
		{4623BBE5-F13C-459D-A591-7D4D1D4E3C57}.Release|x64.Build.0 = Release|Any CPU
		{4623BBE5-F13C-459D-A591-7D4D1D4E3C57}.Release|x86.ActiveCfg = Release|Any CPU
		{4623BBE5-F13C-459D-A591-7D4D1D4E3C57}.Release|x86.Build.0 = Release|Any CPU
		{530C1DD6-9A5B-4B4A-9B30-97FEB32AA2AA}.Debug|Any CPU.ActiveCfg = Debug|Any CPU
		{530C1DD6-9A5B-4B4A-9B30-97FEB32AA2AA}.Debug|Any CPU.Build.0 = Debug|Any CPU
		{530C1DD6-9A5B-4B4A-9B30-97FEB32AA2AA}.Debug|x64.ActiveCfg = Debug|Any CPU
		{530C1DD6-9A5B-4B4A-9B30-97FEB32AA2AA}.Debug|x64.Build.0 = Debug|Any CPU
		{530C1DD6-9A5B-4B4A-9B30-97FEB32AA2AA}.Debug|x86.ActiveCfg = Debug|Any CPU
		{530C1DD6-9A5B-4B4A-9B30-97FEB32AA2AA}.Debug|x86.Build.0 = Debug|Any CPU
		{530C1DD6-9A5B-4B4A-9B30-97FEB32AA2AA}.Release|Any CPU.ActiveCfg = Release|Any CPU
		{530C1DD6-9A5B-4B4A-9B30-97FEB32AA2AA}.Release|Any CPU.Build.0 = Release|Any CPU
		{530C1DD6-9A5B-4B4A-9B30-97FEB32AA2AA}.Release|x64.ActiveCfg = Release|Any CPU
		{530C1DD6-9A5B-4B4A-9B30-97FEB32AA2AA}.Release|x64.Build.0 = Release|Any CPU
		{530C1DD6-9A5B-4B4A-9B30-97FEB32AA2AA}.Release|x86.ActiveCfg = Release|Any CPU
		{530C1DD6-9A5B-4B4A-9B30-97FEB32AA2AA}.Release|x86.Build.0 = Release|Any CPU
		{9E740089-8A14-4FEF-AAFC-957188795D21}.Debug|Any CPU.ActiveCfg = Debug|Any CPU
		{9E740089-8A14-4FEF-AAFC-957188795D21}.Debug|Any CPU.Build.0 = Debug|Any CPU
		{9E740089-8A14-4FEF-AAFC-957188795D21}.Debug|x64.ActiveCfg = Debug|Any CPU
		{9E740089-8A14-4FEF-AAFC-957188795D21}.Debug|x64.Build.0 = Debug|Any CPU
		{9E740089-8A14-4FEF-AAFC-957188795D21}.Debug|x86.ActiveCfg = Debug|Any CPU
		{9E740089-8A14-4FEF-AAFC-957188795D21}.Debug|x86.Build.0 = Debug|Any CPU
		{9E740089-8A14-4FEF-AAFC-957188795D21}.Release|Any CPU.ActiveCfg = Release|Any CPU
		{9E740089-8A14-4FEF-AAFC-957188795D21}.Release|Any CPU.Build.0 = Release|Any CPU
		{9E740089-8A14-4FEF-AAFC-957188795D21}.Release|x64.ActiveCfg = Release|Any CPU
		{9E740089-8A14-4FEF-AAFC-957188795D21}.Release|x64.Build.0 = Release|Any CPU
		{9E740089-8A14-4FEF-AAFC-957188795D21}.Release|x86.ActiveCfg = Release|Any CPU
		{9E740089-8A14-4FEF-AAFC-957188795D21}.Release|x86.Build.0 = Release|Any CPU
		{E579CD88-8D44-49C6-9902-CD075447788A}.Debug|Any CPU.ActiveCfg = Debug|Any CPU
		{E579CD88-8D44-49C6-9902-CD075447788A}.Debug|Any CPU.Build.0 = Debug|Any CPU
		{E579CD88-8D44-49C6-9902-CD075447788A}.Debug|x64.ActiveCfg = Debug|Any CPU
		{E579CD88-8D44-49C6-9902-CD075447788A}.Debug|x64.Build.0 = Debug|Any CPU
		{E579CD88-8D44-49C6-9902-CD075447788A}.Debug|x86.ActiveCfg = Debug|Any CPU
		{E579CD88-8D44-49C6-9902-CD075447788A}.Debug|x86.Build.0 = Debug|Any CPU
		{E579CD88-8D44-49C6-9902-CD075447788A}.Release|Any CPU.ActiveCfg = Release|Any CPU
		{E579CD88-8D44-49C6-9902-CD075447788A}.Release|Any CPU.Build.0 = Release|Any CPU
		{E579CD88-8D44-49C6-9902-CD075447788A}.Release|x64.ActiveCfg = Release|Any CPU
		{E579CD88-8D44-49C6-9902-CD075447788A}.Release|x64.Build.0 = Release|Any CPU
		{E579CD88-8D44-49C6-9902-CD075447788A}.Release|x86.ActiveCfg = Release|Any CPU
		{E579CD88-8D44-49C6-9902-CD075447788A}.Release|x86.Build.0 = Release|Any CPU
		{A8037E42-7A9A-48F0-ABA1-39898378FC78}.Debug|Any CPU.ActiveCfg = Debug|Any CPU
		{A8037E42-7A9A-48F0-ABA1-39898378FC78}.Debug|Any CPU.Build.0 = Debug|Any CPU
		{A8037E42-7A9A-48F0-ABA1-39898378FC78}.Debug|x64.ActiveCfg = Debug|Any CPU
		{A8037E42-7A9A-48F0-ABA1-39898378FC78}.Debug|x64.Build.0 = Debug|Any CPU
		{A8037E42-7A9A-48F0-ABA1-39898378FC78}.Debug|x86.ActiveCfg = Debug|Any CPU
		{A8037E42-7A9A-48F0-ABA1-39898378FC78}.Debug|x86.Build.0 = Debug|Any CPU
		{A8037E42-7A9A-48F0-ABA1-39898378FC78}.Release|Any CPU.ActiveCfg = Release|Any CPU
		{A8037E42-7A9A-48F0-ABA1-39898378FC78}.Release|Any CPU.Build.0 = Release|Any CPU
		{A8037E42-7A9A-48F0-ABA1-39898378FC78}.Release|x64.ActiveCfg = Release|Any CPU
		{A8037E42-7A9A-48F0-ABA1-39898378FC78}.Release|x64.Build.0 = Release|Any CPU
		{A8037E42-7A9A-48F0-ABA1-39898378FC78}.Release|x86.ActiveCfg = Release|Any CPU
		{A8037E42-7A9A-48F0-ABA1-39898378FC78}.Release|x86.Build.0 = Release|Any CPU
		{7392FB34-759B-45AC-B374-7DB855F77DB4}.Debug|Any CPU.ActiveCfg = Debug|Any CPU
		{7392FB34-759B-45AC-B374-7DB855F77DB4}.Debug|Any CPU.Build.0 = Debug|Any CPU
		{7392FB34-759B-45AC-B374-7DB855F77DB4}.Debug|x64.ActiveCfg = Debug|Any CPU
		{7392FB34-759B-45AC-B374-7DB855F77DB4}.Debug|x64.Build.0 = Debug|Any CPU
		{7392FB34-759B-45AC-B374-7DB855F77DB4}.Debug|x86.ActiveCfg = Debug|Any CPU
		{7392FB34-759B-45AC-B374-7DB855F77DB4}.Debug|x86.Build.0 = Debug|Any CPU
		{7392FB34-759B-45AC-B374-7DB855F77DB4}.Release|Any CPU.ActiveCfg = Release|Any CPU
		{7392FB34-759B-45AC-B374-7DB855F77DB4}.Release|x86.Build.0 = Release|Any CPU
		{5F9C2D10-4E7A-4B8C-9F2A-1D3E5C7B9A01}.Debug|Any CPU.ActiveCfg = Debug|Any CPU
		{5F9C2D10-4E7A-4B8C-9F2A-1D3E5C7B9A01}.Debug|Any CPU.Build.0 = Debug|Any CPU
		{5F9C2D10-4E7A-4B8C-9F2A-1D3E5C7B9A01}.Debug|x64.ActiveCfg = Debug|Any CPU
		{5F9C2D10-4E7A-4B8C-9F2A-1D3E5C7B9A01}.Debug|x64.Build.0 = Debug|Any CPU
		{5F9C2D10-4E7A-4B8C-9F2A-1D3E5C7B9A01}.Debug|x86.ActiveCfg = Debug|Any CPU
		{5F9C2D10-4E7A-4B8C-9F2A-1D3E5C7B9A01}.Debug|x86.Build.0 = Debug|Any CPU
		{5F9C2D10-4E7A-4B8C-9F2A-1D3E5C7B9A01}.Release|Any CPU.ActiveCfg = Release|Any CPU
		{5F9C2D10-4E7A-4B8C-9F2A-1D3E5C7B9A01}.Release|Any CPU.Build.0 = Release|Any CPU
		{5F9C2D10-4E7A-4B8C-9F2A-1D3E5C7B9A01}.Release|x64.ActiveCfg = Release|Any CPU
		{5F9C2D10-4E7A-4B8C-9F2A-1D3E5C7B9A01}.Release|x64.Build.0 = Release|Any CPU
		{5F9C2D10-4E7A-4B8C-9F2A-1D3E5C7B9A01}.Release|x86.ActiveCfg = Release|Any CPU
		{5F9C2D10-4E7A-4B8C-9F2A-1D3E5C7B9A01}.Release|x86.Build.0 = Release|Any CPU
		{5F9C2D10-4E7A-4B8C-9F2A-1D3E5C7B9A02}.Debug|Any CPU.ActiveCfg = Debug|Any CPU
		{5F9C2D10-4E7A-4B8C-9F2A-1D3E5C7B9A02}.Debug|Any CPU.Build.0 = Debug|Any CPU
		{5F9C2D10-4E7A-4B8C-9F2A-1D3E5C7B9A02}.Debug|x64.ActiveCfg = Debug|Any CPU
		{5F9C2D10-4E7A-4B8C-9F2A-1D3E5C7B9A02}.Debug|x64.Build.0 = Debug|Any CPU
		{5F9C2D10-4E7A-4B8C-9F2A-1D3E5C7B9A02}.Debug|x86.ActiveCfg = Debug|Any CPU
		{5F9C2D10-4E7A-4B8C-9F2A-1D3E5C7B9A02}.Debug|x86.Build.0 = Debug|Any CPU
		{5F9C2D10-4E7A-4B8C-9F2A-1D3E5C7B9A02}.Release|Any CPU.ActiveCfg = Release|Any CPU
		{5F9C2D10-4E7A-4B8C-9F2A-1D3E5C7B9A02}.Release|Any CPU.Build.0 = Release|Any CPU
		{5F9C2D10-4E7A-4B8C-9F2A-1D3E5C7B9A02}.Release|x64.ActiveCfg = Release|Any CPU
		{5F9C2D10-4E7A-4B8C-9F2A-1D3E5C7B9A02}.Release|x64.Build.0 = Release|Any CPU
		{5F9C2D10-4E7A-4B8C-9F2A-1D3E5C7B9A02}.Release|x86.ActiveCfg = Release|Any CPU
		{5F9C2D10-4E7A-4B8C-9F2A-1D3E5C7B9A02}.Release|x86.Build.0 = Release|Any CPU
		{5F9C2D10-4E7A-4B8C-9F2A-1D3E5C7B9A03}.Debug|Any CPU.ActiveCfg = Debug|Any CPU
		{5F9C2D10-4E7A-4B8C-9F2A-1D3E5C7B9A03}.Debug|Any CPU.Build.0 = Debug|Any CPU
		{5F9C2D10-4E7A-4B8C-9F2A-1D3E5C7B9A03}.Debug|x64.ActiveCfg = Debug|Any CPU
		{5F9C2D10-4E7A-4B8C-9F2A-1D3E5C7B9A03}.Debug|x64.Build.0 = Debug|Any CPU
		{5F9C2D10-4E7A-4B8C-9F2A-1D3E5C7B9A03}.Debug|x86.ActiveCfg = Debug|Any CPU
		{5F9C2D10-4E7A-4B8C-9F2A-1D3E5C7B9A03}.Debug|x86.Build.0 = Debug|Any CPU
		{5F9C2D10-4E7A-4B8C-9F2A-1D3E5C7B9A03}.Release|Any CPU.ActiveCfg = Release|Any CPU
		{5F9C2D10-4E7A-4B8C-9F2A-1D3E5C7B9A03}.Release|Any CPU.Build.0 = Release|Any CPU
		{5F9C2D10-4E7A-4B8C-9F2A-1D3E5C7B9A03}.Release|x64.ActiveCfg = Release|Any CPU
		{5F9C2D10-4E7A-4B8C-9F2A-1D3E5C7B9A03}.Release|x64.Build.0 = Release|Any CPU
		{5F9C2D10-4E7A-4B8C-9F2A-1D3E5C7B9A03}.Release|x86.ActiveCfg = Release|Any CPU
		{5F9C2D10-4E7A-4B8C-9F2A-1D3E5C7B9A03}.Release|x86.Build.0 = Release|Any CPU
		{5F9C2D10-4E7A-4B8C-9F2A-1D3E5C7B9A04}.Debug|Any CPU.ActiveCfg = Debug|Any CPU
		{5F9C2D10-4E7A-4B8C-9F2A-1D3E5C7B9A04}.Debug|Any CPU.Build.0 = Debug|Any CPU
		{5F9C2D10-4E7A-4B8C-9F2A-1D3E5C7B9A04}.Debug|x64.ActiveCfg = Debug|Any CPU
		{5F9C2D10-4E7A-4B8C-9F2A-1D3E5C7B9A04}.Debug|x64.Build.0 = Debug|Any CPU
		{5F9C2D10-4E7A-4B8C-9F2A-1D3E5C7B9A04}.Debug|x86.ActiveCfg = Debug|Any CPU
		{5F9C2D10-4E7A-4B8C-9F2A-1D3E5C7B9A04}.Debug|x86.Build.0 = Debug|Any CPU
		{5F9C2D10-4E7A-4B8C-9F2A-1D3E5C7B9A04}.Release|Any CPU.ActiveCfg = Release|Any CPU
		{5F9C2D10-4E7A-4B8C-9F2A-1D3E5C7B9A04}.Release|Any CPU.Build.0 = Release|Any CPU
		{5F9C2D10-4E7A-4B8C-9F2A-1D3E5C7B9A04}.Release|x64.ActiveCfg = Release|Any CPU
		{5F9C2D10-4E7A-4B8C-9F2A-1D3E5C7B9A04}.Release|x64.Build.0 = Release|Any CPU
		{5F9C2D10-4E7A-4B8C-9F2A-1D3E5C7B9A04}.Release|x86.ActiveCfg = Release|Any CPU
		{5F9C2D10-4E7A-4B8C-9F2A-1D3E5C7B9A04}.Release|x86.Build.0 = Release|Any CPU
		{5F9C2D10-4E7A-4B8C-9F2A-1D3E5C7B9A05}.Debug|Any CPU.ActiveCfg = Debug|Any CPU
		{5F9C2D10-4E7A-4B8C-9F2A-1D3E5C7B9A05}.Debug|Any CPU.Build.0 = Debug|Any CPU
		{5F9C2D10-4E7A-4B8C-9F2A-1D3E5C7B9A05}.Debug|x64.ActiveCfg = Debug|Any CPU
		{5F9C2D10-4E7A-4B8C-9F2A-1D3E5C7B9A05}.Debug|x64.Build.0 = Debug|Any CPU
		{5F9C2D10-4E7A-4B8C-9F2A-1D3E5C7B9A05}.Debug|x86.ActiveCfg = Debug|Any CPU
		{5F9C2D10-4E7A-4B8C-9F2A-1D3E5C7B9A05}.Debug|x86.Build.0 = Debug|Any CPU
		{5F9C2D10-4E7A-4B8C-9F2A-1D3E5C7B9A05}.Release|Any CPU.ActiveCfg = Release|Any CPU
		{5F9C2D10-4E7A-4B8C-9F2A-1D3E5C7B9A05}.Release|Any CPU.Build.0 = Release|Any CPU
		{5F9C2D10-4E7A-4B8C-9F2A-1D3E5C7B9A05}.Release|x64.ActiveCfg = Release|Any CPU
		{5F9C2D10-4E7A-4B8C-9F2A-1D3E5C7B9A05}.Release|x64.Build.0 = Release|Any CPU
		{5F9C2D10-4E7A-4B8C-9F2A-1D3E5C7B9A05}.Release|x86.ActiveCfg = Release|Any CPU
		{5F9C2D10-4E7A-4B8C-9F2A-1D3E5C7B9A05}.Release|x86.Build.0 = Release|Any CPU
	EndGlobalSection
EndGlobal
